
Microsoft Visual Studio Solution File, Format Version 12.00
# Visual Studio 2013
VisualStudioVersion = 12.0.40629.0
MinimumVisualStudioVersion = 10.0.40219.1
Project("{FAE04EC0-301F-11D3-BF4B-00C04F79EFBC}") = "VBTranspiler", "VBTranspiler\VBTranspiler.csproj", "{25523301-9F7A-45FC-A03D-C5B5A1631A0B}"
EndProject
Project("{FAE04EC0-301F-11D3-BF4B-00C04F79EFBC}") = "VBTranspiler.Parser", "VBTranspiler.Transpiler\VBTranspiler.Parser.csproj", "{0ED27B86-7A52-4557-9A7A-3D7C1F735797}"
EndProject
Project("{FAE04EC0-301F-11D3-BF4B-00C04F79EFBC}") = "VBTranspiler.CodeGenerator", "VBTranspiler.CodeGenerator\VBTranspiler.CodeGenerator.csproj", "{BE1CFBB7-5122-481D-8167-125F509A0026}"
EndProject
Project("{FAE04EC0-301F-11D3-BF4B-00C04F79EFBC}") = "VBTranspiler.CodeGenerator.UnitTests", "VBTranspiler.CodeGenerator.UnitTests\VBTranspiler.CodeGenerator.UnitTests.csproj", "{CC3A4CDB-27B4-4D99-8140-DF17E49A54EF}"
EndProject
Project("{2150E333-8FDC-42A3-9474-1A3956D46DE8}") = ".nuget", ".nuget", "{DC81F5E1-3B2A-475B-9F3D-54A1F2EA4C28}"
	ProjectSection(SolutionItems) = preProject
		.nuget\NuGet.Config = .nuget\NuGet.Config
		.nuget\NuGet.exe = .nuget\NuGet.exe
		.nuget\NuGet.targets = .nuget\NuGet.targets
	EndProjectSection
EndProject
Global
	GlobalSection(SolutionConfigurationPlatforms) = preSolution
		Debug|Any CPU = Debug|Any CPU
		Release|Any CPU = Release|Any CPU
	EndGlobalSection
	GlobalSection(ProjectConfigurationPlatforms) = postSolution
		{25523301-9F7A-45FC-A03D-C5B5A1631A0B}.Debug|Any CPU.ActiveCfg = Debug|Any CPU
		{25523301-9F7A-45FC-A03D-C5B5A1631A0B}.Debug|Any CPU.Build.0 = Debug|Any CPU
		{25523301-9F7A-45FC-A03D-C5B5A1631A0B}.Release|Any CPU.ActiveCfg = Release|Any CPU
		{25523301-9F7A-45FC-A03D-C5B5A1631A0B}.Release|Any CPU.Build.0 = Release|Any CPU
		{0ED27B86-7A52-4557-9A7A-3D7C1F735797}.Debug|Any CPU.ActiveCfg = Debug|Any CPU
		{0ED27B86-7A52-4557-9A7A-3D7C1F735797}.Debug|Any CPU.Build.0 = Debug|Any CPU
		{0ED27B86-7A52-4557-9A7A-3D7C1F735797}.Release|Any CPU.ActiveCfg = Release|Any CPU
		{0ED27B86-7A52-4557-9A7A-3D7C1F735797}.Release|Any CPU.Build.0 = Release|Any CPU
		{BE1CFBB7-5122-481D-8167-125F509A0026}.Debug|Any CPU.ActiveCfg = Debug|Any CPU
		{BE1CFBB7-5122-481D-8167-125F509A0026}.Debug|Any CPU.Build.0 = Debug|Any CPU
		{BE1CFBB7-5122-481D-8167-125F509A0026}.Release|Any CPU.ActiveCfg = Release|Any CPU
		{BE1CFBB7-5122-481D-8167-125F509A0026}.Release|Any CPU.Build.0 = Release|Any CPU
		{CC3A4CDB-27B4-4D99-8140-DF17E49A54EF}.Debug|Any CPU.ActiveCfg = Debug|Any CPU
		{CC3A4CDB-27B4-4D99-8140-DF17E49A54EF}.Debug|Any CPU.Build.0 = Debug|Any CPU
		{CC3A4CDB-27B4-4D99-8140-DF17E49A54EF}.Release|Any CPU.ActiveCfg = Release|Any CPU
		{CC3A4CDB-27B4-4D99-8140-DF17E49A54EF}.Release|Any CPU.Build.0 = Release|Any CPU
	EndGlobalSection
	GlobalSection(SolutionProperties) = preSolution
		HideSolutionNode = FALSE
	EndGlobalSection
EndGlobal
